
Microsoft Visual Studio Solution File, Format Version 12.00
# Visual Studio Version 17
VisualStudioVersion = 17.6.33829.357
MinimumVisualStudioVersion = 10.0.40219.1
Project("{FAE04EC0-301F-11D3-BF4B-00C04F79EFBC}") = "QuizApp", "QuizApp\QuizApp.csproj", "{90D8A957-5C1E-455A-8772-7F461A29AB21}"
EndProject
Global
	GlobalSection(SolutionConfigurationPlatforms) = preSolution
		Debug|Any CPU = Debug|Any CPU
		Release|Any CPU = Release|Any CPU
	EndGlobalSection
	GlobalSection(ProjectConfigurationPlatforms) = postSolution
		{90D8A957-5C1E-455A-8772-7F461A29AB21}.Debug|Any CPU.ActiveCfg = Debug|Any CPU
		{90D8A957-5C1E-455A-8772-7F461A29AB21}.Debug|Any CPU.Build.0 = Debug|Any CPU
		{90D8A957-5C1E-455A-8772-7F461A29AB21}.Release|Any CPU.ActiveCfg = Release|Any CPU
		{90D8A957-5C1E-455A-8772-7F461A29AB21}.Release|Any CPU.Build.0 = Release|Any CPU
	EndGlobalSection
	GlobalSection(SolutionProperties) = preSolution
		HideSolutionNode = FALSE
	EndGlobalSection
	GlobalSection(ExtensibilityGlobals) = postSolution
		SolutionGuid = {79FE1FF1-CB0B-40F3-BEE8-99C20C5CF8F0}
	EndGlobalSection
EndGlobal
